<?xml version="1.0" encoding="utf-8"?>
<Project ToolsVersion="4.0" xmlns="http://schemas.microsoft.com/developer/msbuild/2003">
  <ItemGroup>
    <Filter Include="Source Files">
      <UniqueIdentifier>{4FC737F1-C7A5-4376-A066-2A32D752A2FF}</UniqueIdentifier>
      <Extensions>cpp;c;cc;cxx;def;odl;idl;hpj;bat;asm;asmx</Extensions>
    </Filter>
    <Filter Include="Header Files">
      <UniqueIdentifier>{93995380-89BD-4b04-88EB-625FBE52EBFB}</UniqueIdentifier>
      <Extensions>h;hh;hpp;hxx;hm;inl;inc;xsd</Extensions>
    </Filter>
    <Filter Include="Filter_of_things_noone_cares_about">
      <UniqueIdentifier>{7409e89f-b4e1-4b68-93de-28763cd42b50}</UniqueIdentifier>
    </Filter>
    <Filter Include="Assimp">
      <UniqueIdentifier>{1300ceec-fbe0-45ce-b06c-fc06fdcae261}</UniqueIdentifier>
    </Filter>
  </ItemGroup>
  <ItemGroup>
    <ClCompile Include="main.cpp">
      <Filter>Source Files</Filter>
    </ClCompile>
    <ClCompile Include="Rasterizer.cpp">
      <Filter>Source Files</Filter>
    </ClCompile>
    <ClCompile Include="Display.cpp">
      <Filter>Filter_of_things_noone_cares_about</Filter>
    </ClCompile>
    <ClCompile Include="Window.cpp">
      <Filter>Filter_of_things_noone_cares_about</Filter>
    </ClCompile>
    <ClCompile Include="VertexProcessor.cpp">
      <Filter>Source Files</Filter>
    </ClCompile>
    <ClCompile Include="Texture.cpp">
      <Filter>Source Files</Filter>
    </ClCompile>
  </ItemGroup>
  <ItemGroup>
    <ClInclude Include="Rasterizer.h">
      <Filter>Header Files</Filter>
    </ClInclude>
    <ClInclude Include="GraphicsDefines.h">
      <Filter>Filter_of_things_noone_cares_about</Filter>
    </ClInclude>
    <ClInclude Include="Display.h">
      <Filter>Filter_of_things_noone_cares_about</Filter>
    </ClInclude>
    <ClInclude Include="Window.h">
      <Filter>Header Files</Filter>
    </ClInclude>
    <ClInclude Include="VertexProcessor.h">
      <Filter>Header Files</Filter>
    </ClInclude>
    <ClInclude Include="Point.h">
      <Filter>Header Files</Filter>
    </ClInclude>
    <ClInclude Include="Texture.h">
      <Filter>Header Files</Filter>
    </ClInclude>
    <ClInclude Include="..\Assimp\Importer.hpp">
      <Filter>Assimp</Filter>
    </ClInclude>
    <ClInclude Include="..\Assimp\types.h">
      <Filter>Assimp</Filter>
    </ClInclude>
    <ClInclude Include="..\Assimp\importerdesc.h">
      <Filter>Assimp</Filter>
    </ClInclude>
    <ClInclude Include="..\Assimp\IOStream.hpp">
      <Filter>Assimp</Filter>
    </ClInclude>
    <ClInclude Include="..\Assimp\IOSystem.hpp">
      <Filter>Assimp</Filter>
    </ClInclude>
    <ClInclude Include="..\Assimp\light.h">
      <Filter>Assimp</Filter>
    </ClInclude>
    <ClInclude Include="..\Assimp\Logger.hpp">
      <Filter>Assimp</Filter>
    </ClInclude>
    <ClInclude Include="..\Assimp\LogStream.hpp">
      <Filter>Assimp</Filter>
    </ClInclude>
    <ClInclude Include="..\Assimp\material.h">
      <Filter>Assimp</Filter>
    </ClInclude>
    <ClInclude Include="..\Assimp\matrix3x3.h">
      <Filter>Assimp</Filter>
    </ClInclude>
    <ClInclude Include="..\Assimp\matrix4x4.h">
      <Filter>Assimp</Filter>
    </ClInclude>
    <ClInclude Include="..\Assimp\mesh.h">
      <Filter>Assimp</Filter>
    </ClInclude>
    <ClInclude Include="..\Assimp\metadata.h">
      <Filter>Assimp</Filter>
    </ClInclude>
    <ClInclude Include="..\Assimp\NullLogger.hpp">
      <Filter>Assimp</Filter>
    </ClInclude>
    <ClInclude Include="..\Assimp\postprocess.h">
      <Filter>Assimp</Filter>
    </ClInclude>
    <ClInclude Include="..\Assimp\ProgressHandler.hpp">
      <Filter>Assimp</Filter>
    </ClInclude>
    <ClInclude Include="..\Assimp\quaternion.h">
      <Filter>Assimp</Filter>
    </ClInclude>
    <ClInclude Include="..\Assimp\scene.h">
      <Filter>Assimp</Filter>
    </ClInclude>
    <ClInclude Include="..\Assimp\SceneCombiner.h">
      <Filter>Assimp</Filter>
    </ClInclude>
    <ClInclude Include="..\Assimp\texture.h">
      <Filter>Assimp</Filter>
    </ClInclude>
    <ClInclude Include="..\Assimp\vector2.h">
      <Filter>Assimp</Filter>
    </ClInclude>
    <ClInclude Include="..\Assimp\vector3.h">
      <Filter>Assimp</Filter>
    </ClInclude>
    <ClInclude Include="..\Assimp\version.h">
      <Filter>Assimp</Filter>
    </ClInclude>
    <ClInclude Include="..\Assimp\Compiler\poppack1.h">
      <Filter>Assimp</Filter>
    </ClInclude>
    <ClInclude Include="..\Assimp\Compiler\pstdint.h">
      <Filter>Assimp</Filter>
    </ClInclude>
    <ClInclude Include="..\Assimp\Compiler\pushpack1.h">
      <Filter>Assimp</Filter>
    </ClInclude>
    <ClInclude Include="..\Assimp\ai_assert.h">
      <Filter>Assimp</Filter>
    </ClInclude>
    <ClInclude Include="..\Assimp\anim.h">
      <Filter>Assimp</Filter>
    </ClInclude>
    <ClInclude Include="..\Assimp\camera.h">
      <Filter>Assimp</Filter>
    </ClInclude>
    <ClInclude Include="..\Assimp\cexport.h">
      <Filter>Assimp</Filter>
    </ClInclude>
    <ClInclude Include="..\Assimp\cfileio.h">
      <Filter>Assimp</Filter>
    </ClInclude>
    <ClInclude Include="..\Assimp\cimport.h">
      <Filter>Assimp</Filter>
    </ClInclude>
    <ClInclude Include="..\Assimp\color4.h">
      <Filter>Assimp</Filter>
    </ClInclude>
    <ClInclude Include="..\Assimp\config.h">
      <Filter>Assimp</Filter>
    </ClInclude>
    <ClInclude Include="..\Assimp\DefaultIOStream.h">
      <Filter>Assimp</Filter>
    </ClInclude>
    <ClInclude Include="..\Assimp\DefaultIOSystem.h">
      <Filter>Assimp</Filter>
    </ClInclude>
    <ClInclude Include="..\Assimp\DefaultLogger.hpp">
      <Filter>Assimp</Filter>
    </ClInclude>
    <ClInclude Include="..\Assimp\Defines.h">
      <Filter>Assimp</Filter>
    </ClInclude>
    <ClInclude Include="..\Assimp\defs.h">
      <Filter>Assimp</Filter>
    </ClInclude>
    <ClInclude Include="..\Assimp\Exporter.hpp">
      <Filter>Assimp</Filter>
    </ClInclude>
  </ItemGroup>
  <ItemGroup>
    <None Include="..\Assimp\material.inl">
      <Filter>Assimp</Filter>
    </None>
    <None Include="..\Assimp\matrix3x3.inl">
      <Filter>Assimp</Filter>
    </None>
    <None Include="..\Assimp\matrix4x4.inl">
      <Filter>Assimp</Filter>
    </None>
    <None Include="..\Assimp\quaternion.inl">
      <Filter>Assimp</Filter>
    </None>
    <None Include="..\Assimp\vector2.inl">
      <Filter>Assimp</Filter>
    </None>
    <None Include="..\Assimp\vector3.inl">
      <Filter>Assimp</Filter>
    </None>
    <None Include="..\Assimp\color4.inl">
      <Filter>Assimp</Filter>
    </None>
    <None Include="assimp-vc140-mt.dll">
      <Filter>Assimp</Filter>
    </None>
  </ItemGroup>
  <ItemGroup>
    <Library Include="..\Assimp\Lib\assimp-vc140-mt.lib">
      <Filter>Assimp</Filter>
    </Library>
  </ItemGroup>
</Project>